
Microsoft Visual Studio Solution File, Format Version 12.00
# Visual Studio Version 17
VisualStudioVersion = 17.7.34221.43
MinimumVisualStudioVersion = 10.0.40219.1
Project("{FAE04EC0-301F-11D3-BF4B-00C04F79EFBC}") = "AonExercise", "AonExercise.csproj", "{1D010E42-BA33-4CB0-83AB-5E7B0ABC1641}"
EndProject
Project("{FAE04EC0-301F-11D3-BF4B-00C04F79EFBC}") = "AonExercise.Test", "..\AonExercise.Test\AonExercise.Test.csproj", "{C6FF66C8-347E-4439-9FD6-288EA5B67016}"
EndProject
Global
	GlobalSection(SolutionConfigurationPlatforms) = preSolution
		Debug|Any CPU = Debug|Any CPU
		Release|Any CPU = Release|Any CPU
	EndGlobalSection
	GlobalSection(ProjectConfigurationPlatforms) = postSolution
		{1D010E42-BA33-4CB0-83AB-5E7B0ABC1641}.Debug|Any CPU.ActiveCfg = Debug|Any CPU
		{1D010E42-BA33-4CB0-83AB-5E7B0ABC1641}.Debug|Any CPU.Build.0 = Debug|Any CPU
		{1D010E42-BA33-4CB0-83AB-5E7B0ABC1641}.Release|Any CPU.ActiveCfg = Release|Any CPU
		{1D010E42-BA33-4CB0-83AB-5E7B0ABC1641}.Release|Any CPU.Build.0 = Release|Any CPU
		{C6FF66C8-347E-4439-9FD6-288EA5B67016}.Debug|Any CPU.ActiveCfg = Debug|Any CPU
		{C6FF66C8-347E-4439-9FD6-288EA5B67016}.Debug|Any CPU.Build.0 = Debug|Any CPU
		{C6FF66C8-347E-4439-9FD6-288EA5B67016}.Release|Any CPU.ActiveCfg = Release|Any CPU
		{C6FF66C8-347E-4439-9FD6-288EA5B67016}.Release|Any CPU.Build.0 = Release|Any CPU
	EndGlobalSection
	GlobalSection(SolutionProperties) = preSolution
		HideSolutionNode = FALSE
	EndGlobalSection
	GlobalSection(ExtensibilityGlobals) = postSolution
		SolutionGuid = {1FA1425D-76A1-4DC4-9B52-F26E9F22CC32}
	EndGlobalSection
EndGlobal
